// !$*UTF8*$!
{
	archiveVersion = 1;
	classes = {
	};
	objectVersion = 77;
	objects = {

/* Begin PBXBuildFile section */
		000000000000000000002001 /* DeletionAuthorizationView.swift in Sources */ = {isa = PBXBuildFile; fileRef = 000000000000000000001001 /* DeletionAuthorizationView.swift */; };
		000000000000000000002002 /* ProfileAvatar.swift in Sources */ = {isa = PBXBuildFile; fileRef = 000000000000000000001002 /* ProfileAvatar.swift */; };
		000000000000000000002003 /* ProfileMenu.swift in Sources */ = {isa = PBXBuildFile; fileRef = 000000000000000000001003 /* ProfileMenu.swift */; };
		000000000000000000002004 /* HomeView.swift in Sources */ = {isa = PBXBuildFile; fileRef = 000000000000000000001004 /* HomeView.swift */; };
		000000000000000000002005 /* JoinCodeSheet.swift in Sources */ = {isa = PBXBuildFile; fileRef = 000000000000000000001005 /* JoinCodeSheet.swift */; };
		000000000000000000002006 /* HostActionSection.swift in Sources */ = {isa = PBXBuildFile; fileRef = 000000000000000000001006 /* HostActionSection.swift */; };
		000000000000000000002008 /* LobbyView.swift in Sources */ = {isa = PBXBuildFile; fileRef = 000000000000000000001008 /* LobbyView.swift */; };
		000000000000000000002009 /* PickSection.swift in Sources */ = {isa = PBXBuildFile; fileRef = 000000000000000000001009 /* PickSection.swift */; };
		00000000000000000000200A /* PlayersSection.swift in Sources */ = {isa = PBXBuildFile; fileRef = 00000000000000000000100A /* PlayersSection.swift */; };
		00000000000000000000200B /* ResultRow.swift in Sources */ = {isa = PBXBuildFile; fileRef = 00000000000000000000100B /* ResultRow.swift */; };
		00000000000000000000200C /* RoundResultSection.swift in Sources */ = {isa = PBXBuildFile; fileRef = 00000000000000000000100C /* RoundResultSection.swift */; };
		00000000000000000000200E /* WinnerCard.swift in Sources */ = {isa = PBXBuildFile; fileRef = 00000000000000000000100E /* WinnerCard.swift */; };
		00000000000000000000200F /* ConnectGameClient.swift in Sources */ = {isa = PBXBuildFile; fileRef = 00000000000000000000100F /* ConnectGameClient.swift */; };
		000000000000000000002010 /* GameClientDTOs.swift in Sources */ = {isa = PBXBuildFile; fileRef = 000000000000000000001010 /* GameClientDTOs.swift */; };
		000000000000000000002011 /* GameClientFactory.swift in Sources */ = {isa = PBXBuildFile; fileRef = 000000000000000000001011 /* GameClientFactory.swift */; };
		000000000000000000002012 /* PreviewGameClient.swift in Sources */ = {isa = PBXBuildFile; fileRef = 000000000000000000001012 /* PreviewGameClient.swift */; };
		000000000000000000002013 /* BrandHeader.swift in Sources */ = {isa = PBXBuildFile; fileRef = 000000000000000000001013 /* BrandHeader.swift */; };
		000000000000000000002014 /* MiniMatchColors.swift in Sources */ = {isa = PBXBuildFile; fileRef = 000000000000000000001014 /* MiniMatchColors.swift */; };
		000000000000000000002015 /* PrimaryButtonStyle.swift in Sources */ = {isa = PBXBuildFile; fileRef = 000000000000000000001015 /* PrimaryButtonStyle.swift */; };
		000000000000000000002016 /* AppleSignInModelTests.swift in Sources */ = {isa = PBXBuildFile; fileRef = 000000000000000000001016 /* AppleSignInModelTests.swift */; };
		000000000000000000002017 /* GameModelTests.swift in Sources */ = {isa = PBXBuildFile; fileRef = 000000000000000000001017 /* GameModelTests.swift */; };
		000000000000000000002018 /* GameTableTests.swift in Sources */ = {isa = PBXBuildFile; fileRef = 000000000000000000001018 /* GameTableTests.swift */; };
		000000000000000000002019 /* GameClientDTOTests.swift in Sources */ = {isa = PBXBuildFile; fileRef = 000000000000000000001019 /* GameClientDTOTests.swift */; };
		00000000000000000000201A /* GameCenterAuthenticationView.swift in Sources */ = {isa = PBXBuildFile; fileRef = 00000000000000000000101A /* GameCenterAuthenticationView.swift */; };
		00000000000000000000201B /* Localizable.xcstrings in Resources */ = {isa = PBXBuildFile; fileRef = 00000000000000000000101B /* Localizable.xcstrings */; };
		00000000000000000000201C /* SettingsView.swift in Sources */ = {isa = PBXBuildFile; fileRef = 00000000000000000000101C /* SettingsView.swift */; };
		00000000000000000000201D /* trophy.lottie in Resources */ = {isa = PBXBuildFile; fileRef = 00000000000000000000101D /* trophy.lottie */; };
		1E0DF12FEFC34F8790E06E50 /* AppleSignInModel.swift in Sources */ = {isa = PBXBuildFile; fileRef = E5988938016346E98E3996BC /* AppleSignInModel.swift */; };
		28BAAFDB33A96F2F20C69D6E /* Assets.xcassets in Resources */ = {isa = PBXBuildFile; fileRef = 83296CFF50320284730F0D51 /* Assets.xcassets */; };
		3E7A29BE63894BB1A3D9C631 /* GoogleService-Info.plist in Resources */ = {isa = PBXBuildFile; fileRef = 95B8263978044D02A158AE30 /* GoogleService-Info.plist */; };
		4C4F5454494553504D000003 /* Lottie in Frameworks */ = {isa = PBXBuildFile; productRef = 4C4F5454494553504D000002 /* Lottie */; };
		518A769C5EC08C1E05344660 /* ContentView.swift in Sources */ = {isa = PBXBuildFile; fileRef = EDED65F93ED79B532488F42F /* ContentView.swift */; };
		63B2A8E1435343C4A3AB0CF0 /* GameModels.swift in Sources */ = {isa = PBXBuildFile; fileRef = C395C0D8211F4A7BBA1F0065 /* GameModels.swift */; };
		6A8C86D601CF4D9698A48128 /* GameCenterModel.swift in Sources */ = {isa = PBXBuildFile; fileRef = 5A514B6D54DE4489B68C8EB4 /* GameCenterModel.swift */; };
		7B4940F317DC4A22A42C3D3D /* PrivacyInfo.xcprivacy in Resources */ = {isa = PBXBuildFile; fileRef = 1C9872C6908E4474AB19E42F /* PrivacyInfo.xcprivacy */; };
		A10000000000000000000001 /* SoundEffectPlayer.swift in Sources */ = {isa = PBXBuildFile; fileRef = A10000000000000000000002 /* SoundEffectPlayer.swift */; };
		A1000000000000000000000A /* UserPreferences.swift in Sources */ = {isa = PBXBuildFile; fileRef = A1000000000000000000000B /* UserPreferences.swift */; };
		A10000000000000000000003 /* winner.wav in Resources */ = {isa = PBXBuildFile; fileRef = A10000000000000000000004 /* winner.wav */; };
		A10000000000000000000005 /* no_winner.wav in Resources */ = {isa = PBXBuildFile; fileRef = A10000000000000000000006 /* no_winner.wav */; };
		A10000000000000000000008 /* bloop.wav in Resources */ = {isa = PBXBuildFile; fileRef = A10000000000000000000009 /* bloop.wav */; };
		A40B26B0B6694A4988335295 /* GameClient.swift in Sources */ = {isa = PBXBuildFile; fileRef = 3447AB36E0634BEDA51A6AEF /* GameClient.swift */; };
		B20000000000000000000001 /* AccessibilityUITests.swift in Sources */ = {isa = PBXBuildFile; fileRef = B20000000000000000000003 /* AccessibilityUITests.swift */; };
		B8DB8FBADF4702F86057C478 /* MiniMatchApp.swift in Sources */ = {isa = PBXBuildFile; fileRef = 6BAA5639A2A8BF42643E6AF3 /* MiniMatchApp.swift */; };
		D0E416549451497B8A9A1272 /* FirebaseAuth in Frameworks */ = {isa = PBXBuildFile; productRef = F380CD1A9FEF4AA9A86B8B45 /* FirebaseAuth */; };
		D30000000000000000000001 /* DailyGlobalView.swift in Sources */ = {isa = PBXBuildFile; fileRef = D30000000000000000000002 /* DailyGlobalView.swift */; };
		D30000000000000000000003 /* DailyGlobalModel.swift in Sources */ = {isa = PBXBuildFile; fileRef = D30000000000000000000004 /* DailyGlobalModel.swift */; };
		D30000000000000000000005 /* DailyGlobalModelTests.swift in Sources */ = {isa = PBXBuildFile; fileRef = D30000000000000000000006 /* DailyGlobalModelTests.swift */; };
		D30000000000000000000007 /* FirebaseAppCheck in Frameworks */ = {isa = PBXBuildFile; productRef = D30000000000000000000008 /* FirebaseAppCheck */; };
		E75225F9301C7DE5006B1B4C /* MiniMatch.gamekit in Resources */ = {isa = PBXBuildFile; fileRef = E75225F8301C7DE5006B1B4C /* MiniMatch.gamekit */; };
		EE5CC43F3F21467F9D07A4E8 /* GameModel.swift in Sources */ = {isa = PBXBuildFile; fileRef = C8A4EB400AA14E00A31C19EC /* GameModel.swift */; };
/* End PBXBuildFile section */

/* Begin PBXContainerItemProxy section */
		B20000000000000000000002 /* PBXContainerItemProxy */ = {
			isa = PBXContainerItemProxy;
			containerPortal = C0A697D889D4E4EE35032E07 /* Project object */;
			proxyType = 1;
			remoteGlobalIDString = 8AE1524BCC81943FB9CBA1B6;
			remoteInfo = MiniMatch;
		};
		DE7D5162FB051ACEA343A410 /* PBXContainerItemProxy */ = {
			isa = PBXContainerItemProxy;
			containerPortal = C0A697D889D4E4EE35032E07 /* Project object */;
			proxyType = 1;
			remoteGlobalIDString = 8AE1524BCC81943FB9CBA1B6;
			remoteInfo = MiniMatch;
		};
/* End PBXContainerItemProxy section */

/* Begin PBXFileReference section */
		000000000000000000001001 /* DeletionAuthorizationView.swift */ = {isa = PBXFileReference; lastKnownFileType = sourcecode.swift; path = DeletionAuthorizationView.swift; sourceTree = "<group>"; };
		000000000000000000001002 /* ProfileAvatar.swift */ = {isa = PBXFileReference; lastKnownFileType = sourcecode.swift; path = ProfileAvatar.swift; sourceTree = "<group>"; };
		000000000000000000001003 /* ProfileMenu.swift */ = {isa = PBXFileReference; lastKnownFileType = sourcecode.swift; path = ProfileMenu.swift; sourceTree = "<group>"; };
		000000000000000000001004 /* HomeView.swift */ = {isa = PBXFileReference; lastKnownFileType = sourcecode.swift; path = HomeView.swift; sourceTree = "<group>"; };
		000000000000000000001005 /* JoinCodeSheet.swift */ = {isa = PBXFileReference; lastKnownFileType = sourcecode.swift; path = JoinCodeSheet.swift; sourceTree = "<group>"; };
		000000000000000000001006 /* HostActionSection.swift */ = {isa = PBXFileReference; lastKnownFileType = sourcecode.swift; path = HostActionSection.swift; sourceTree = "<group>"; };
		000000000000000000001008 /* LobbyView.swift */ = {isa = PBXFileReference; lastKnownFileType = sourcecode.swift; path = LobbyView.swift; sourceTree = "<group>"; };
		000000000000000000001009 /* PickSection.swift */ = {isa = PBXFileReference; lastKnownFileType = sourcecode.swift; path = PickSection.swift; sourceTree = "<group>"; };
		00000000000000000000100A /* PlayersSection.swift */ = {isa = PBXFileReference; lastKnownFileType = sourcecode.swift; path = PlayersSection.swift; sourceTree = "<group>"; };
		00000000000000000000100B /* ResultRow.swift */ = {isa = PBXFileReference; lastKnownFileType = sourcecode.swift; path = ResultRow.swift; sourceTree = "<group>"; };
		00000000000000000000100C /* RoundResultSection.swift */ = {isa = PBXFileReference; lastKnownFileType = sourcecode.swift; path = RoundResultSection.swift; sourceTree = "<group>"; };
		00000000000000000000100E /* WinnerCard.swift */ = {isa = PBXFileReference; lastKnownFileType = sourcecode.swift; path = WinnerCard.swift; sourceTree = "<group>"; };
		00000000000000000000100F /* ConnectGameClient.swift */ = {isa = PBXFileReference; lastKnownFileType = sourcecode.swift; path = ConnectGameClient.swift; sourceTree = "<group>"; };
		000000000000000000001010 /* GameClientDTOs.swift */ = {isa = PBXFileReference; lastKnownFileType = sourcecode.swift; path = GameClientDTOs.swift; sourceTree = "<group>"; };
		000000000000000000001011 /* GameClientFactory.swift */ = {isa = PBXFileReference; lastKnownFileType = sourcecode.swift; path = GameClientFactory.swift; sourceTree = "<group>"; };
		000000000000000000001012 /* PreviewGameClient.swift */ = {isa = PBXFileReference; lastKnownFileType = sourcecode.swift; path = PreviewGameClient.swift; sourceTree = "<group>"; };
		000000000000000000001013 /* BrandHeader.swift */ = {isa = PBXFileReference; lastKnownFileType = sourcecode.swift; path = BrandHeader.swift; sourceTree = "<group>"; };
		000000000000000000001014 /* MiniMatchColors.swift */ = {isa = PBXFileReference; lastKnownFileType = sourcecode.swift; path = MiniMatchColors.swift; sourceTree = "<group>"; };
		000000000000000000001015 /* PrimaryButtonStyle.swift */ = {isa = PBXFileReference; lastKnownFileType = sourcecode.swift; path = PrimaryButtonStyle.swift; sourceTree = "<group>"; };
		000000000000000000001016 /* AppleSignInModelTests.swift */ = {isa = PBXFileReference; lastKnownFileType = sourcecode.swift; path = AppleSignInModelTests.swift; sourceTree = "<group>"; };
		000000000000000000001017 /* GameModelTests.swift */ = {isa = PBXFileReference; lastKnownFileType = sourcecode.swift; path = GameModelTests.swift; sourceTree = "<group>"; };
		000000000000000000001018 /* GameTableTests.swift */ = {isa = PBXFileReference; lastKnownFileType = sourcecode.swift; path = GameTableTests.swift; sourceTree = "<group>"; };
		000000000000000000001019 /* GameClientDTOTests.swift */ = {isa = PBXFileReference; lastKnownFileType = sourcecode.swift; path = GameClientDTOTests.swift; sourceTree = "<group>"; };
		00000000000000000000101A /* GameCenterAuthenticationView.swift */ = {isa = PBXFileReference; lastKnownFileType = sourcecode.swift; path = GameCenterAuthenticationView.swift; sourceTree = "<group>"; };
		00000000000000000000101B /* Localizable.xcstrings */ = {isa = PBXFileReference; lastKnownFileType = text.json.xcstrings; path = Localizable.xcstrings; sourceTree = "<group>"; };
		00000000000000000000101C /* SettingsView.swift */ = {isa = PBXFileReference; lastKnownFileType = sourcecode.swift; path = SettingsView.swift; sourceTree = "<group>"; };
		00000000000000000000101D /* trophy.lottie */ = {isa = PBXFileReference; lastKnownFileType = file; path = trophy.lottie; sourceTree = "<group>"; };
		1C9872C6908E4474AB19E42F /* PrivacyInfo.xcprivacy */ = {isa = PBXFileReference; lastKnownFileType = text.xml; path = PrivacyInfo.xcprivacy; sourceTree = "<group>"; };
		3447AB36E0634BEDA51A6AEF /* GameClient.swift */ = {isa = PBXFileReference; lastKnownFileType = sourcecode.swift; path = GameClient.swift; sourceTree = "<group>"; };
		3F9086B3E6EAA8CD569C38C8 /* MiniMatch.app */ = {isa = PBXFileReference; explicitFileType = wrapper.application; includeInIndex = 0; path = MiniMatch.app; sourceTree = BUILT_PRODUCTS_DIR; };
		559CA31BB186C9DA301F98E5 /* MiniMatchTests.xctest */ = {isa = PBXFileReference; explicitFileType = wrapper.cfbundle; includeInIndex = 0; path = MiniMatchTests.xctest; sourceTree = BUILT_PRODUCTS_DIR; };
		5A514B6D54DE4489B68C8EB4 /* GameCenterModel.swift */ = {isa = PBXFileReference; lastKnownFileType = sourcecode.swift; path = GameCenterModel.swift; sourceTree = "<group>"; };
		6BAA5639A2A8BF42643E6AF3 /* MiniMatchApp.swift */ = {isa = PBXFileReference; lastKnownFileType = sourcecode.swift; path = MiniMatchApp.swift; sourceTree = "<group>"; };
		83296CFF50320284730F0D51 /* Assets.xcassets */ = {isa = PBXFileReference; lastKnownFileType = folder.assetcatalog; path = Assets.xcassets; sourceTree = "<group>"; };
		95B8263978044D02A158AE30 /* GoogleService-Info.plist */ = {isa = PBXFileReference; lastKnownFileType = text.plist.xml; path = "GoogleService-Info.plist"; sourceTree = "<group>"; };
		A10000000000000000000002 /* SoundEffectPlayer.swift */ = {isa = PBXFileReference; lastKnownFileType = sourcecode.swift; path = SoundEffectPlayer.swift; sourceTree = "<group>"; };
		A1000000000000000000000B /* UserPreferences.swift */ = {isa = PBXFileReference; lastKnownFileType = sourcecode.swift; path = UserPreferences.swift; sourceTree = "<group>"; };
		A10000000000000000000004 /* winner.wav */ = {isa = PBXFileReference; lastKnownFileType = audio.wav; path = winner.wav; sourceTree = "<group>"; };
		A10000000000000000000006 /* no_winner.wav */ = {isa = PBXFileReference; lastKnownFileType = audio.wav; path = no_winner.wav; sourceTree = "<group>"; };
		A10000000000000000000009 /* bloop.wav */ = {isa = PBXFileReference; lastKnownFileType = audio.wav; path = bloop.wav; sourceTree = "<group>"; };
		B20000000000000000000003 /* AccessibilityUITests.swift */ = {isa = PBXFileReference; lastKnownFileType = sourcecode.swift; path = AccessibilityUITests.swift; sourceTree = "<group>"; };
		B20000000000000000000004 /* MiniMatchUITests.xctest */ = {isa = PBXFileReference; explicitFileType = wrapper.cfbundle; includeInIndex = 0; path = MiniMatchUITests.xctest; sourceTree = BUILT_PRODUCTS_DIR; };
		C395C0D8211F4A7BBA1F0065 /* GameModels.swift */ = {isa = PBXFileReference; lastKnownFileType = sourcecode.swift; path = GameModels.swift; sourceTree = "<group>"; };
		C8A4EB400AA14E00A31C19EC /* GameModel.swift */ = {isa = PBXFileReference; lastKnownFileType = sourcecode.swift; path = GameModel.swift; sourceTree = "<group>"; };
		D30000000000000000000002 /* DailyGlobalView.swift */ = {isa = PBXFileReference; lastKnownFileType = sourcecode.swift; path = DailyGlobalView.swift; sourceTree = "<group>"; };
		D30000000000000000000004 /* DailyGlobalModel.swift */ = {isa = PBXFileReference; lastKnownFileType = sourcecode.swift; path = DailyGlobalModel.swift; sourceTree = "<group>"; };
		D30000000000000000000006 /* DailyGlobalModelTests.swift */ = {isa = PBXFileReference; lastKnownFileType = sourcecode.swift; path = DailyGlobalModelTests.swift; sourceTree = "<group>"; };
		E5988938016346E98E3996BC /* AppleSignInModel.swift */ = {isa = PBXFileReference; lastKnownFileType = sourcecode.swift; path = AppleSignInModel.swift; sourceTree = "<group>"; };
		E75225F8301C7DE5006B1B4C /* MiniMatch.gamekit */ = {isa = PBXFileReference; lastKnownFileType = wrapper; name = MiniMatch.gamekit; path = MiniMatch/Resources/MiniMatch.gamekit; sourceTree = SOURCE_ROOT; };
		EDED65F93ED79B532488F42F /* ContentView.swift */ = {isa = PBXFileReference; lastKnownFileType = sourcecode.swift; path = ContentView.swift; sourceTree = "<group>"; };
		F292770B1D1C4E6EB44A5F6C /* MiniMatch.entitlements */ = {isa = PBXFileReference; lastKnownFileType = text.plist.entitlements; path = MiniMatch.entitlements; sourceTree = "<group>"; };
/* End PBXFileReference section */

/* Begin PBXFrameworksBuildPhase section */
		1FA3779FB40D441496252838 /* Frameworks */ = {
			isa = PBXFrameworksBuildPhase;
			buildActionMask = 2147483647;
			files = (
				D30000000000000000000007 /* FirebaseAppCheck in Frameworks */,
				D0E416549451497B8A9A1272 /* FirebaseAuth in Frameworks */,
				4C4F5454494553504D000003 /* Lottie in Frameworks */,
			);
			runOnlyForDeploymentPostprocessing = 0;
		};
		B20000000000000000000005 /* Frameworks */ = {
			isa = PBXFrameworksBuildPhase;
			buildActionMask = 2147483647;
			files = (
			);
			runOnlyForDeploymentPostprocessing = 0;
		};
/* End PBXFrameworksBuildPhase section */

/* Begin PBXGroup section */
		000000000000000000003001 /* App */ = {
			isa = PBXGroup;
			children = (
				EDED65F93ED79B532488F42F /* ContentView.swift */,
				6BAA5639A2A8BF42643E6AF3 /* MiniMatchApp.swift */,
			);
			path = App;
			sourceTree = "<group>";
		};
		000000000000000000003002 /* Features */ = {
			isa = PBXGroup;
			children = (
				000000000000000000003003 /* Account */,
				D30000000000000000000009 /* Daily */,
				000000000000000000003004 /* Home */,
				000000000000000000003005 /* Lobby */,
				000000000000000000003006 /* Results */,
				000000000000000000003013 /* Settings */,
			);
			path = Features;
			sourceTree = "<group>";
		};
		000000000000000000003003 /* Account */ = {
			isa = PBXGroup;
			children = (
				000000000000000000001001 /* DeletionAuthorizationView.swift */,
				000000000000000000001002 /* ProfileAvatar.swift */,
				000000000000000000001003 /* ProfileMenu.swift */,
			);
			path = Account;
			sourceTree = "<group>";
		};
		000000000000000000003004 /* Home */ = {
			isa = PBXGroup;
			children = (
				000000000000000000001004 /* HomeView.swift */,
				000000000000000000001005 /* JoinCodeSheet.swift */,
			);
			path = Home;
			sourceTree = "<group>";
		};
		000000000000000000003005 /* Lobby */ = {
			isa = PBXGroup;
			children = (
				000000000000000000001006 /* HostActionSection.swift */,
				000000000000000000001008 /* LobbyView.swift */,
				000000000000000000001009 /* PickSection.swift */,
				00000000000000000000100A /* PlayersSection.swift */,
			);
			path = Lobby;
			sourceTree = "<group>";
		};
		000000000000000000003006 /* Results */ = {
			isa = PBXGroup;
			children = (
				00000000000000000000100B /* ResultRow.swift */,
				00000000000000000000100C /* RoundResultSection.swift */,
				00000000000000000000100E /* WinnerCard.swift */,
			);
			path = Results;
			sourceTree = "<group>";
		};
		D30000000000000000000009 /* Daily */ = {
			isa = PBXGroup;
			children = (
				D30000000000000000000002 /* DailyGlobalView.swift */,
			);
			path = Daily;
			sourceTree = "<group>";
		};
		000000000000000000003007 /* Integrations */ = {
			isa = PBXGroup;
			children = (
				000000000000000000003008 /* AppleSignIn */,
				000000000000000000003009 /* GameCenter */,
			);
			path = Integrations;
			sourceTree = "<group>";
		};
		000000000000000000003008 /* AppleSignIn */ = {
			isa = PBXGroup;
			children = (
				E5988938016346E98E3996BC /* AppleSignInModel.swift */,
			);
			path = AppleSignIn;
			sourceTree = "<group>";
		};
		000000000000000000003009 /* GameCenter */ = {
			isa = PBXGroup;
			children = (
				00000000000000000000101A /* GameCenterAuthenticationView.swift */,
				5A514B6D54DE4489B68C8EB4 /* GameCenterModel.swift */,
			);
			path = GameCenter;
			sourceTree = "<group>";
		};
		00000000000000000000300A /* Models */ = {
			isa = PBXGroup;
			children = (
				D30000000000000000000004 /* DailyGlobalModel.swift */,
				C8A4EB400AA14E00A31C19EC /* GameModel.swift */,
				C395C0D8211F4A7BBA1F0065 /* GameModels.swift */,
			);
			path = Models;
			sourceTree = "<group>";
		};
		00000000000000000000300B /* Networking */ = {
			isa = PBXGroup;
			children = (
				00000000000000000000100F /* ConnectGameClient.swift */,
				3447AB36E0634BEDA51A6AEF /* GameClient.swift */,
				000000000000000000001010 /* GameClientDTOs.swift */,
				000000000000000000001011 /* GameClientFactory.swift */,
				000000000000000000001012 /* PreviewGameClient.swift */,
			);
			path = Networking;
			sourceTree = "<group>";
		};
		00000000000000000000300C /* Shared */ = {
			isa = PBXGroup;
			children = (
				00000000000000000000300D /* Brand */,
				00000000000000000000300E /* DesignSystem */,
				A10000000000000000000002 /* SoundEffectPlayer.swift */,
				A1000000000000000000000B /* UserPreferences.swift */,
			);
			path = Shared;
			sourceTree = "<group>";
		};
		00000000000000000000300D /* Brand */ = {
			isa = PBXGroup;
			children = (
				000000000000000000001013 /* BrandHeader.swift */,
			);
			path = Brand;
			sourceTree = "<group>";
		};
		00000000000000000000300E /* DesignSystem */ = {
			isa = PBXGroup;
			children = (
				000000000000000000001014 /* MiniMatchColors.swift */,
				000000000000000000001015 /* PrimaryButtonStyle.swift */,
			);
			path = DesignSystem;
			sourceTree = "<group>";
		};
		00000000000000000000300F /* Integrations */ = {
			isa = PBXGroup;
			children = (
				000000000000000000001016 /* AppleSignInModelTests.swift */,
			);
			path = Integrations;
			sourceTree = "<group>";
		};
		000000000000000000003010 /* Models */ = {
			isa = PBXGroup;
			children = (
				D30000000000000000000006 /* DailyGlobalModelTests.swift */,
				000000000000000000001017 /* GameModelTests.swift */,
				000000000000000000001018 /* GameTableTests.swift */,
			);
			path = Models;
			sourceTree = "<group>";
		};
		000000000000000000003011 /* Networking */ = {
			isa = PBXGroup;
			children = (
				000000000000000000001019 /* GameClientDTOTests.swift */,
			);
			path = Networking;
			sourceTree = "<group>";
		};
		000000000000000000003012 /* Resources */ = {
			isa = PBXGroup;
			children = (
				000000000000000000003014 /* Animations */,
				83296CFF50320284730F0D51 /* Assets.xcassets */,
				95B8263978044D02A158AE30 /* GoogleService-Info.plist */,
				00000000000000000000101B /* Localizable.xcstrings */,
				F292770B1D1C4E6EB44A5F6C /* MiniMatch.entitlements */,
				E75225F8301C7DE5006B1B4C /* MiniMatch.gamekit */,
				1C9872C6908E4474AB19E42F /* PrivacyInfo.xcprivacy */,
				A10000000000000000000007 /* Sounds */,
			);
			path = Resources;
			sourceTree = "<group>";
		};
		000000000000000000003013 /* Settings */ = {
			isa = PBXGroup;
			children = (
				00000000000000000000101C /* SettingsView.swift */,
			);
			path = Settings;
			sourceTree = "<group>";
		};
		000000000000000000003014 /* Animations */ = {
			isa = PBXGroup;
			children = (
				00000000000000000000101D /* trophy.lottie */,
			);
			path = Animations;
			sourceTree = "<group>";
		};
		02CD513A8AA6696657A2D72F /* MiniMatch */ = {
			isa = PBXGroup;
			children = (
				000000000000000000003001 /* App */,
				000000000000000000003002 /* Features */,
				000000000000000000003007 /* Integrations */,
				00000000000000000000300A /* Models */,
				00000000000000000000300B /* Networking */,
				000000000000000000003012 /* Resources */,
				00000000000000000000300C /* Shared */,
			);
			path = MiniMatch;
			sourceTree = "<group>";
		};
		05C95AD6E2DB9F3DE9BFF203 = {
			isa = PBXGroup;
			children = (
				02CD513A8AA6696657A2D72F /* MiniMatch */,
				EEB89468A18893558A1C9F35 /* MiniMatchTests */,
				B20000000000000000000006 /* MiniMatchUITests */,
				DD495DF4AEC04A13FB3EB9F5 /* Products */,
			);
			sourceTree = "<group>";
		};
		A10000000000000000000007 /* Sounds */ = {
			isa = PBXGroup;
			children = (
				A10000000000000000000009 /* bloop.wav */,
				A10000000000000000000006 /* no_winner.wav */,
				A10000000000000000000004 /* winner.wav */,
			);
			path = Sounds;
			sourceTree = "<group>";
		};
		B20000000000000000000006 /* MiniMatchUITests */ = {
			isa = PBXGroup;
			children = (
				B20000000000000000000003 /* AccessibilityUITests.swift */,
			);
			path = MiniMatchUITests;
			sourceTree = "<group>";
		};
		DD495DF4AEC04A13FB3EB9F5 /* Products */ = {
			isa = PBXGroup;
			children = (
				3F9086B3E6EAA8CD569C38C8 /* MiniMatch.app */,
				559CA31BB186C9DA301F98E5 /* MiniMatchTests.xctest */,
				B20000000000000000000004 /* MiniMatchUITests.xctest */,
			);
			name = Products;
			sourceTree = "<group>";
		};
		EEB89468A18893558A1C9F35 /* MiniMatchTests */ = {
			isa = PBXGroup;
			children = (
				00000000000000000000300F /* Integrations */,
				000000000000000000003010 /* Models */,
				000000000000000000003011 /* Networking */,
			);
			path = MiniMatchTests;
			sourceTree = "<group>";
		};
/* End PBXGroup section */

/* Begin PBXNativeTarget section */
		8AE1524BCC81943FB9CBA1B6 /* MiniMatch */ = {
			isa = PBXNativeTarget;
			buildConfigurationList = 13D52506609846680E35A7B8 /* Build configuration list for PBXNativeTarget "MiniMatch" */;
			buildPhases = (
				57600E9DF795F5F875CBBBBE /* Sources */,
				1FA3779FB40D441496252838 /* Frameworks */,
				CA32CE626ABE7D820267A7CB /* Resources */,
			);
			buildRules = (
			);
			dependencies = (
			);
			name = MiniMatch;
			packageProductDependencies = (
				D30000000000000000000008 /* FirebaseAppCheck */,
				F380CD1A9FEF4AA9A86B8B45 /* FirebaseAuth */,
				4C4F5454494553504D000002 /* Lottie */,
			);
			productName = MiniMatch;
			productReference = 3F9086B3E6EAA8CD569C38C8 /* MiniMatch.app */;
			productType = "com.apple.product-type.application";
		};
		B20000000000000000000007 /* MiniMatchUITests */ = {
			isa = PBXNativeTarget;
			buildConfigurationList = B2000000000000000000000C /* Build configuration list for PBXNativeTarget "MiniMatchUITests" */;
			buildPhases = (
				B20000000000000000000008 /* Sources */,
				B20000000000000000000005 /* Frameworks */,
			);
			buildRules = (
			);
			dependencies = (
				B20000000000000000000009 /* PBXTargetDependency */,
			);
			name = MiniMatchUITests;
			packageProductDependencies = (
			);
			productName = MiniMatchUITests;
			productReference = B20000000000000000000004 /* MiniMatchUITests.xctest */;
			productType = "com.apple.product-type.bundle.ui-testing";
		};
		E6DEA2AB9096FC6C3A233937 /* MiniMatchTests */ = {
			isa = PBXNativeTarget;
			buildConfigurationList = B873D6F135B0E98BA18C55B7 /* Build configuration list for PBXNativeTarget "MiniMatchTests" */;
			buildPhases = (
				8F0A9F080D1D005E663956AF /* Sources */,
			);
			buildRules = (
			);
			dependencies = (
				14543363B250E475E8312664 /* PBXTargetDependency */,
			);
			name = MiniMatchTests;
			packageProductDependencies = (
			);
			productName = MiniMatchTests;
			productReference = 559CA31BB186C9DA301F98E5 /* MiniMatchTests.xctest */;
			productType = "com.apple.product-type.bundle.unit-test";
		};
/* End PBXNativeTarget section */

/* Begin PBXProject section */
		C0A697D889D4E4EE35032E07 /* Project object */ = {
			isa = PBXProject;
			attributes = {
				BuildIndependentTargetsInParallel = YES;
				LastUpgradeCheck = 2700;
				TargetAttributes = {
					8AE1524BCC81943FB9CBA1B6 = {
						ProvisioningStyle = Automatic;
						SystemCapabilities = {
							com.apple.GameCenter = {
								enabled = 1;
							};
							com.apple.iCloud = {
								enabled = 1;
							};
							com.apple.SignInWithApple = {
								enabled = 1;
							};
						};
					};
					B20000000000000000000007 = {
						CreatedOnToolsVersion = 27.0;
						TestTargetID = 8AE1524BCC81943FB9CBA1B6;
					};
				};
			};
			buildConfigurationList = 6EB1BB64DD01E60F8E3349CE /* Build configuration list for PBXProject "MiniMatch" */;
			developmentRegion = en;
			hasScannedForEncodings = 0;
			knownRegions = (
				Base,
				fr,
				es,
				it,
				en,
			);
			mainGroup = 05C95AD6E2DB9F3DE9BFF203;
			minimizedProjectReferenceProxies = 1;
			packageReferences = (
				57F73B5C92CB472895AD919A /* XCRemoteSwiftPackageReference "firebase-ios-sdk" */,
				4C4F5454494553504D000001 /* XCRemoteSwiftPackageReference "lottie-spm" */,
			);
			preferredProjectObjectVersion = 77;
			productRefGroup = DD495DF4AEC04A13FB3EB9F5 /* Products */;
			projectDirPath = "";
			projectRoot = "";
			targets = (
				8AE1524BCC81943FB9CBA1B6 /* MiniMatch */,
				E6DEA2AB9096FC6C3A233937 /* MiniMatchTests */,
				B20000000000000000000007 /* MiniMatchUITests */,
			);
		};
/* End PBXProject section */

/* Begin PBXResourcesBuildPhase section */
		CA32CE626ABE7D820267A7CB /* Resources */ = {
			isa = PBXResourcesBuildPhase;
			buildActionMask = 2147483647;
			files = (
				28BAAFDB33A96F2F20C69D6E /* Assets.xcassets in Resources */,
				3E7A29BE63894BB1A3D9C631 /* GoogleService-Info.plist in Resources */,
				00000000000000000000201B /* Localizable.xcstrings in Resources */,
				E75225F9301C7DE5006B1B4C /* MiniMatch.gamekit in Resources */,
				7B4940F317DC4A22A42C3D3D /* PrivacyInfo.xcprivacy in Resources */,
				00000000000000000000201D /* trophy.lottie in Resources */,
				A10000000000000000000008 /* bloop.wav in Resources */,
				A10000000000000000000005 /* no_winner.wav in Resources */,
				A10000000000000000000003 /* winner.wav in Resources */,
			);
			runOnlyForDeploymentPostprocessing = 0;
		};
/* End PBXResourcesBuildPhase section */

/* Begin PBXSourcesBuildPhase section */
		57600E9DF795F5F875CBBBBE /* Sources */ = {
			isa = PBXSourcesBuildPhase;
			buildActionMask = 2147483647;
			files = (
				518A769C5EC08C1E05344660 /* ContentView.swift in Sources */,
				B8DB8FBADF4702F86057C478 /* MiniMatchApp.swift in Sources */,
				D30000000000000000000001 /* DailyGlobalView.swift in Sources */,
				D30000000000000000000003 /* DailyGlobalModel.swift in Sources */,
				000000000000000000002001 /* DeletionAuthorizationView.swift in Sources */,
				000000000000000000002002 /* ProfileAvatar.swift in Sources */,
				000000000000000000002003 /* ProfileMenu.swift in Sources */,
				00000000000000000000201C /* SettingsView.swift in Sources */,
				000000000000000000002004 /* HomeView.swift in Sources */,
				000000000000000000002005 /* JoinCodeSheet.swift in Sources */,
				000000000000000000002006 /* HostActionSection.swift in Sources */,
				000000000000000000002008 /* LobbyView.swift in Sources */,
				000000000000000000002009 /* PickSection.swift in Sources */,
				00000000000000000000200A /* PlayersSection.swift in Sources */,
				00000000000000000000200B /* ResultRow.swift in Sources */,
				00000000000000000000200C /* RoundResultSection.swift in Sources */,
				A10000000000000000000001 /* SoundEffectPlayer.swift in Sources */,
				A1000000000000000000000A /* UserPreferences.swift in Sources */,
				00000000000000000000200E /* WinnerCard.swift in Sources */,
				1E0DF12FEFC34F8790E06E50 /* AppleSignInModel.swift in Sources */,
				00000000000000000000201A /* GameCenterAuthenticationView.swift in Sources */,
				6A8C86D601CF4D9698A48128 /* GameCenterModel.swift in Sources */,
				EE5CC43F3F21467F9D07A4E8 /* GameModel.swift in Sources */,
				63B2A8E1435343C4A3AB0CF0 /* GameModels.swift in Sources */,
				00000000000000000000200F /* ConnectGameClient.swift in Sources */,
				A40B26B0B6694A4988335295 /* GameClient.swift in Sources */,
				000000000000000000002010 /* GameClientDTOs.swift in Sources */,
				000000000000000000002011 /* GameClientFactory.swift in Sources */,
				000000000000000000002012 /* PreviewGameClient.swift in Sources */,
				000000000000000000002013 /* BrandHeader.swift in Sources */,
				000000000000000000002014 /* MiniMatchColors.swift in Sources */,
				000000000000000000002015 /* PrimaryButtonStyle.swift in Sources */,
			);
			runOnlyForDeploymentPostprocessing = 0;
		};
		8F0A9F080D1D005E663956AF /* Sources */ = {
			isa = PBXSourcesBuildPhase;
			buildActionMask = 2147483647;
			files = (
				D30000000000000000000005 /* DailyGlobalModelTests.swift in Sources */,
				000000000000000000002016 /* AppleSignInModelTests.swift in Sources */,
				000000000000000000002017 /* GameModelTests.swift in Sources */,
				000000000000000000002018 /* GameTableTests.swift in Sources */,
				000000000000000000002019 /* GameClientDTOTests.swift in Sources */,
			);
			runOnlyForDeploymentPostprocessing = 0;
		};
		B20000000000000000000008 /* Sources */ = {
			isa = PBXSourcesBuildPhase;
			buildActionMask = 2147483647;
			files = (
				B20000000000000000000001 /* AccessibilityUITests.swift in Sources */,
			);
			runOnlyForDeploymentPostprocessing = 0;
		};
/* End PBXSourcesBuildPhase section */

/* Begin PBXTargetDependency section */
		14543363B250E475E8312664 /* PBXTargetDependency */ = {
			isa = PBXTargetDependency;
			target = 8AE1524BCC81943FB9CBA1B6 /* MiniMatch */;
			targetProxy = DE7D5162FB051ACEA343A410 /* PBXContainerItemProxy */;
		};
		B20000000000000000000009 /* PBXTargetDependency */ = {
			isa = PBXTargetDependency;
			target = 8AE1524BCC81943FB9CBA1B6 /* MiniMatch */;
			targetProxy = B20000000000000000000002 /* PBXContainerItemProxy */;
		};
/* End PBXTargetDependency section */

/* Begin XCBuildConfiguration section */
		162A87097672532CB7775C9D /* Debug */ = {
			isa = XCBuildConfiguration;
			buildSettings = {
				BUNDLE_LOADER = "$(TEST_HOST)";
				DEVELOPMENT_TEAM = F5MV3G97S3;
				GENERATE_INFOPLIST_FILE = YES;
				IPHONEOS_DEPLOYMENT_TARGET = 26.0;
				LD_RUNPATH_SEARCH_PATHS = (
					"$(inherited)",
					"@executable_path/Frameworks",
					"@loader_path/Frameworks",
				);
				PRODUCT_BUNDLE_IDENTIFIER = com.yazdanra.minimatch.tests;
				SDKROOT = iphoneos;
				SWIFT_VERSION = 6.0;
				TARGETED_DEVICE_FAMILY = 1;
				TEST_HOST = "$(BUILT_PRODUCTS_DIR)/MiniMatch.app/MiniMatch";
			};
			name = Debug;
		};
		3DE470C8104337FB80B2A21F /* Release */ = {
			isa = XCBuildConfiguration;
			buildSettings = {
				ALWAYS_SEARCH_USER_PATHS = NO;
				ASSETCATALOG_COMPILER_GENERATE_SWIFT_ASSET_SYMBOL_EXTENSIONS = YES;
				CLANG_ANALYZER_NONNULL = YES;
				CLANG_ANALYZER_NUMBER_OBJECT_CONVERSION = YES_AGGRESSIVE;
				CLANG_CXX_LANGUAGE_STANDARD = "gnu++14";
				CLANG_CXX_LIBRARY = "libc++";
				CLANG_ENABLE_MODULES = YES;
				CLANG_ENABLE_OBJC_ARC = YES;
				CLANG_ENABLE_OBJC_WEAK = YES;
				CLANG_WARN_BLOCK_CAPTURE_AUTORELEASING = YES;
				CLANG_WARN_BOOL_CONVERSION = YES;
				CLANG_WARN_COMMA = YES;
				CLANG_WARN_CONSTANT_CONVERSION = YES;
				CLANG_WARN_DEPRECATED_OBJC_IMPLEMENTATIONS = YES;
				CLANG_WARN_DIRECT_OBJC_ISA_USAGE = YES_ERROR;
				CLANG_WARN_DOCUMENTATION_COMMENTS = YES;
				CLANG_WARN_EMPTY_BODY = YES;
				CLANG_WARN_ENUM_CONVERSION = YES;
				CLANG_WARN_INFINITE_RECURSION = YES;
				CLANG_WARN_INT_CONVERSION = YES;
				CLANG_WARN_NON_LITERAL_NULL_CONVERSION = YES;
				CLANG_WARN_OBJC_IMPLICIT_RETAIN_SELF = YES;
				CLANG_WARN_OBJC_LITERAL_CONVERSION = YES;
				CLANG_WARN_OBJC_ROOT_CLASS = YES_ERROR;
				CLANG_WARN_QUOTED_INCLUDE_IN_FRAMEWORK_HEADER = YES;
				CLANG_WARN_RANGE_LOOP_ANALYSIS = YES;
				CLANG_WARN_STRICT_PROTOTYPES = YES;
				CLANG_WARN_SUSPICIOUS_MOVE = YES;
				CLANG_WARN_UNGUARDED_AVAILABILITY = YES_AGGRESSIVE;
				CLANG_WARN_UNREACHABLE_CODE = YES;
				CLANG_WARN__DUPLICATE_METHOD_MATCH = YES;
				COPY_PHASE_STRIP = NO;
				DEBUG_INFORMATION_FORMAT = "dwarf-with-dsym";
				ENABLE_NS_ASSERTIONS = NO;
				ENABLE_STRICT_OBJC_MSGSEND = YES;
				ENABLE_USER_SCRIPT_SANDBOXING = YES;
				GCC_C_LANGUAGE_STANDARD = gnu11;
				GCC_NO_COMMON_BLOCKS = YES;
				GCC_WARN_64_TO_32_BIT_CONVERSION = YES;
				GCC_WARN_ABOUT_RETURN_TYPE = YES_ERROR;
				GCC_WARN_UNDECLARED_SELECTOR = YES;
				GCC_WARN_UNINITIALIZED_AUTOS = YES_AGGRESSIVE;
				GCC_WARN_UNUSED_FUNCTION = YES;
				GCC_WARN_UNUSED_VARIABLE = YES;
				MTL_ENABLE_DEBUG_INFO = NO;
				MTL_FAST_MATH = YES;
				PRODUCT_NAME = "$(TARGET_NAME)";
				SDKROOT = iphoneos;
				STRING_CATALOG_GENERATE_SYMBOLS = YES;
				SWIFT_COMPILATION_MODE = wholemodule;
				SWIFT_OPTIMIZATION_LEVEL = "-O";
				SWIFT_VERSION = 5.0;
			};
			name = Release;
		};
		912C20495F825E58F6293951 /* Debug */ = {
			isa = XCBuildConfiguration;
			buildSettings = {
				ASSETCATALOG_COMPILER_APPICON_NAME = AppIcon;
				CODE_SIGN_ENTITLEMENTS = MiniMatch/Resources/MiniMatch.entitlements;
				CODE_SIGN_IDENTITY = "iPhone Developer";
				CODE_SIGN_STYLE = Automatic;
				CURRENT_PROJECT_VERSION = 1;
				DEVELOPMENT_TEAM = F5MV3G97S3;
				GENERATE_INFOPLIST_FILE = YES;
				INFOPLIST_KEY_CFBundleDisplayName = "Mini Match";
				INFOPLIST_KEY_ITSAppUsesNonExemptEncryption = NO;
				INFOPLIST_KEY_LSApplicationCategoryType = "public.app-category.games";
				INFOPLIST_KEY_UILaunchScreen_Generation = YES;
				IPHONEOS_DEPLOYMENT_TARGET = 26.0;
				LD_RUNPATH_SEARCH_PATHS = (
					"$(inherited)",
					"@executable_path/Frameworks",
				);
				MARKETING_VERSION = 0.4.1; /* x-release-please-version */
				PRODUCT_BUNDLE_IDENTIFIER = com.yazdanra.minimatch;
				SDKROOT = iphoneos;
				SWIFT_EMIT_LOC_STRINGS = YES;
				SWIFT_VERSION = 6.0;
				TARGETED_DEVICE_FAMILY = 1;
			};
			name = Debug;
		};
		9F76504046485507B5815983 /* Debug */ = {
			isa = XCBuildConfiguration;
			buildSettings = {
				ALWAYS_SEARCH_USER_PATHS = NO;
				ASSETCATALOG_COMPILER_GENERATE_SWIFT_ASSET_SYMBOL_EXTENSIONS = YES;
				CLANG_ANALYZER_NONNULL = YES;
				CLANG_ANALYZER_NUMBER_OBJECT_CONVERSION = YES_AGGRESSIVE;
				CLANG_CXX_LANGUAGE_STANDARD = "gnu++14";
				CLANG_CXX_LIBRARY = "libc++";
				CLANG_ENABLE_MODULES = YES;
				CLANG_ENABLE_OBJC_ARC = YES;
				CLANG_ENABLE_OBJC_WEAK = YES;
				CLANG_WARN_BLOCK_CAPTURE_AUTORELEASING = YES;
				CLANG_WARN_BOOL_CONVERSION = YES;
				CLANG_WARN_COMMA = YES;
				CLANG_WARN_CONSTANT_CONVERSION = YES;
				CLANG_WARN_DEPRECATED_OBJC_IMPLEMENTATIONS = YES;
				CLANG_WARN_DIRECT_OBJC_ISA_USAGE = YES_ERROR;
				CLANG_WARN_DOCUMENTATION_COMMENTS = YES;
				CLANG_WARN_EMPTY_BODY = YES;
				CLANG_WARN_ENUM_CONVERSION = YES;
				CLANG_WARN_INFINITE_RECURSION = YES;
				CLANG_WARN_INT_CONVERSION = YES;
				CLANG_WARN_NON_LITERAL_NULL_CONVERSION = YES;
				CLANG_WARN_OBJC_IMPLICIT_RETAIN_SELF = YES;
				CLANG_WARN_OBJC_LITERAL_CONVERSION = YES;
				CLANG_WARN_OBJC_ROOT_CLASS = YES_ERROR;
				CLANG_WARN_QUOTED_INCLUDE_IN_FRAMEWORK_HEADER = YES;
				CLANG_WARN_RANGE_LOOP_ANALYSIS = YES;
				CLANG_WARN_STRICT_PROTOTYPES = YES;
				CLANG_WARN_SUSPICIOUS_MOVE = YES;
				CLANG_WARN_UNGUARDED_AVAILABILITY = YES_AGGRESSIVE;
				CLANG_WARN_UNREACHABLE_CODE = YES;
				CLANG_WARN__DUPLICATE_METHOD_MATCH = YES;
				COPY_PHASE_STRIP = NO;
				DEBUG_INFORMATION_FORMAT = dwarf;
				ENABLE_STRICT_OBJC_MSGSEND = YES;
				ENABLE_TESTABILITY = YES;
				ENABLE_USER_SCRIPT_SANDBOXING = YES;
				GCC_C_LANGUAGE_STANDARD = gnu11;
				GCC_DYNAMIC_NO_PIC = NO;
				GCC_NO_COMMON_BLOCKS = YES;
				GCC_OPTIMIZATION_LEVEL = 0;
				GCC_PREPROCESSOR_DEFINITIONS = (
					"$(inherited)",
					"DEBUG=1",
				);
				GCC_WARN_64_TO_32_BIT_CONVERSION = YES;
				GCC_WARN_ABOUT_RETURN_TYPE = YES_ERROR;
				GCC_WARN_UNDECLARED_SELECTOR = YES;
				GCC_WARN_UNINITIALIZED_AUTOS = YES_AGGRESSIVE;
				GCC_WARN_UNUSED_FUNCTION = YES;
				GCC_WARN_UNUSED_VARIABLE = YES;
				MTL_ENABLE_DEBUG_INFO = INCLUDE_SOURCE;
				MTL_FAST_MATH = YES;
				ONLY_ACTIVE_ARCH = YES;
				PRODUCT_NAME = "$(TARGET_NAME)";
				SDKROOT = iphoneos;
				STRING_CATALOG_GENERATE_SYMBOLS = YES;
				SWIFT_ACTIVE_COMPILATION_CONDITIONS = DEBUG;
				SWIFT_OPTIMIZATION_LEVEL = "-Onone";
				SWIFT_VERSION = 5.0;
			};
			name = Debug;
		};
		B2000000000000000000000A /* Debug */ = {
			isa = XCBuildConfiguration;
			buildSettings = {
				CODE_SIGN_STYLE = Automatic;
				DEVELOPMENT_TEAM = F5MV3G97S3;
				GENERATE_INFOPLIST_FILE = YES;
				IPHONEOS_DEPLOYMENT_TARGET = 26.0;
				LD_RUNPATH_SEARCH_PATHS = (
					"$(inherited)",
					"@executable_path/Frameworks",
					"@loader_path/Frameworks",
				);
				PRODUCT_BUNDLE_IDENTIFIER = com.yazdanra.minimatch.uitests;
				SDKROOT = iphoneos;
				SWIFT_VERSION = 6.0;
				TARGETED_DEVICE_FAMILY = 1;
				TEST_TARGET_NAME = MiniMatch;
			};
			name = Debug;
		};
		B2000000000000000000000B /* Release */ = {
			isa = XCBuildConfiguration;
			buildSettings = {
				CODE_SIGN_STYLE = Automatic;
				DEVELOPMENT_TEAM = F5MV3G97S3;
				GENERATE_INFOPLIST_FILE = YES;
				IPHONEOS_DEPLOYMENT_TARGET = 26.0;
				LD_RUNPATH_SEARCH_PATHS = (
					"$(inherited)",
					"@executable_path/Frameworks",
					"@loader_path/Frameworks",
				);
				PRODUCT_BUNDLE_IDENTIFIER = com.yazdanra.minimatch.uitests;
				SDKROOT = iphoneos;
				SWIFT_VERSION = 6.0;
				TARGETED_DEVICE_FAMILY = 1;
				TEST_TARGET_NAME = MiniMatch;
			};
			name = Release;
		};
		BF554B6DE2A891D4FAB005E9 /* Release */ = {
			isa = XCBuildConfiguration;
			buildSettings = {
				BUNDLE_LOADER = "$(TEST_HOST)";
				DEVELOPMENT_TEAM = F5MV3G97S3;
				GENERATE_INFOPLIST_FILE = YES;
				IPHONEOS_DEPLOYMENT_TARGET = 26.0;
				LD_RUNPATH_SEARCH_PATHS = (
					"$(inherited)",
					"@executable_path/Frameworks",
					"@loader_path/Frameworks",
				);
				PRODUCT_BUNDLE_IDENTIFIER = com.yazdanra.minimatch.tests;
				SDKROOT = iphoneos;
				SWIFT_VERSION = 6.0;
				TARGETED_DEVICE_FAMILY = 1;
				TEST_HOST = "$(BUILT_PRODUCTS_DIR)/MiniMatch.app/MiniMatch";
			};
			name = Release;
		};
		D227A7A432C124F0A9E552DF /* Release */ = {
			isa = XCBuildConfiguration;
			buildSettings = {
				ASSETCATALOG_COMPILER_APPICON_NAME = AppIcon;
				CODE_SIGN_ENTITLEMENTS = MiniMatch/Resources/MiniMatch.entitlements;
				CODE_SIGN_IDENTITY = "iPhone Developer";
				CODE_SIGN_STYLE = Automatic;
				CURRENT_PROJECT_VERSION = 1;
				DEVELOPMENT_TEAM = F5MV3G97S3;
				GENERATE_INFOPLIST_FILE = YES;
				INFOPLIST_KEY_CFBundleDisplayName = "Mini Match";
				INFOPLIST_KEY_ITSAppUsesNonExemptEncryption = NO;
				INFOPLIST_KEY_LSApplicationCategoryType = "public.app-category.games";
				INFOPLIST_KEY_UILaunchScreen_Generation = YES;
				IPHONEOS_DEPLOYMENT_TARGET = 26.0;
				LD_RUNPATH_SEARCH_PATHS = (
					"$(inherited)",
					"@executable_path/Frameworks",
				);
				MARKETING_VERSION = 0.4.1; /* x-release-please-version */
				PRODUCT_BUNDLE_IDENTIFIER = com.yazdanra.minimatch;
				SDKROOT = iphoneos;
				SWIFT_EMIT_LOC_STRINGS = YES;
				SWIFT_VERSION = 6.0;
				TARGETED_DEVICE_FAMILY = 1;
			};
			name = Release;
		};
/* End XCBuildConfiguration section */

/* Begin XCConfigurationList section */
		13D52506609846680E35A7B8 /* Build configuration list for PBXNativeTarget "MiniMatch" */ = {
			isa = XCConfigurationList;
			buildConfigurations = (
				912C20495F825E58F6293951 /* Debug */,
				D227A7A432C124F0A9E552DF /* Release */,
			);
			defaultConfigurationIsVisible = 0;
			defaultConfigurationName = Debug;
		};
		6EB1BB64DD01E60F8E3349CE /* Build configuration list for PBXProject "MiniMatch" */ = {
			isa = XCConfigurationList;
			buildConfigurations = (
				9F76504046485507B5815983 /* Debug */,
				3DE470C8104337FB80B2A21F /* Release */,
			);
			defaultConfigurationIsVisible = 0;
			defaultConfigurationName = Debug;
		};
		B2000000000000000000000C /* Build configuration list for PBXNativeTarget "MiniMatchUITests" */ = {
			isa = XCConfigurationList;
			buildConfigurations = (
				B2000000000000000000000A /* Debug */,
				B2000000000000000000000B /* Release */,
			);
			defaultConfigurationIsVisible = 0;
			defaultConfigurationName = Debug;
		};
		B873D6F135B0E98BA18C55B7 /* Build configuration list for PBXNativeTarget "MiniMatchTests" */ = {
			isa = XCConfigurationList;
			buildConfigurations = (
				162A87097672532CB7775C9D /* Debug */,
				BF554B6DE2A891D4FAB005E9 /* Release */,
			);
			defaultConfigurationIsVisible = 0;
			defaultConfigurationName = Debug;
		};
/* End XCConfigurationList section */

/* Begin XCRemoteSwiftPackageReference section */
		4C4F5454494553504D000001 /* XCRemoteSwiftPackageReference "lottie-spm" */ = {
			isa = XCRemoteSwiftPackageReference;
			repositoryURL = "https://github.com/airbnb/lottie-spm.git";
			requirement = {
				kind = upToNextMajorVersion;
				minimumVersion = 4.6.1;
			};
		};
		57F73B5C92CB472895AD919A /* XCRemoteSwiftPackageReference "firebase-ios-sdk" */ = {
			isa = XCRemoteSwiftPackageReference;
			repositoryURL = "https://github.com/firebase/firebase-ios-sdk.git";
			requirement = {
				kind = upToNextMajorVersion;
				minimumVersion = 12.0.0;
			};
		};
/* End XCRemoteSwiftPackageReference section */

/* Begin XCSwiftPackageProductDependency section */
		4C4F5454494553504D000002 /* Lottie */ = {
			isa = XCSwiftPackageProductDependency;
			package = 4C4F5454494553504D000001 /* XCRemoteSwiftPackageReference "lottie-spm" */;
			productName = Lottie;
		};
		F380CD1A9FEF4AA9A86B8B45 /* FirebaseAuth */ = {
			isa = XCSwiftPackageProductDependency;
			package = 57F73B5C92CB472895AD919A /* XCRemoteSwiftPackageReference "firebase-ios-sdk" */;
			productName = FirebaseAuth;
		};
		D30000000000000000000008 /* FirebaseAppCheck */ = {
			isa = XCSwiftPackageProductDependency;
			package = 57F73B5C92CB472895AD919A /* XCRemoteSwiftPackageReference "firebase-ios-sdk" */;
			productName = FirebaseAppCheck;
		};
/* End XCSwiftPackageProductDependency section */
	};
	rootObject = C0A697D889D4E4EE35032E07 /* Project object */;
}
